# THIS IS AN AUTOGENERATED FILE. DO NOT EDIT THIS FILE DIRECTLY.
# yarn lockfile v1


"@types/node@^15.12.4":
  version "15.12.4"
  resolved "https://registry.yarnpkg.com/@types/node/-/node-15.12.4.tgz#e1cf817d70a1e118e81922c4ff6683ce9d422e26"
  integrity sha512-zrNj1+yqYF4WskCMOHwN+w9iuD12+dGm0rQ35HLl9/Ouuq52cEtd0CH9qMgrdNmi5ejC1/V7vKEXYubB+65DkA==

axios@^0.21.1:
  version "0.21.1"
  resolved "https://registry.yarnpkg.com/axios/-/axios-0.21.1.tgz#22563481962f4d6bde9a76d516ef0e5d3c09b2b8"
  integrity sha512-dKQiRHxGD9PPRIUNIWvZhPTPpl1rf/OxTYKsqKUDjBwYylTvV7SjSHJb9ratfyzM6wCdLCOYLzs73qpg5c4iGA==
  dependencies:
    follow-redirects "^1.10.0"

follow-redirects@^1.10.0:
  version "1.14.1"
  resolved "https://registry.yarnpkg.com/follow-redirects/-/follow-redirects-1.14.1.tgz#d9114ded0a1cfdd334e164e6662ad02bfd91ff43"
  integrity sha512-HWqDgT7ZEkqRzBvc2s64vSZ/hfOceEol3ac/7tKwzuvEyWx3/4UegXh5oBOIotkGsObyk3xznnSRVADBgWSQVg==

ws-azul-cert@^1.0.11:
  version "1.0.11"
  resolved "https://registry.yarnpkg.com/ws-azul-cert/-/ws-azul-cert-1.0.11.tgz#64d38f1e1a7d3dd22844db4870f5656df8e86bfa"
  integrity sha512-NsB0lKN7I8YSsMhFRtn2oBoLc9Kusd/hza+WY+0xJv/UVkuIKTqaFkDdpdOriH8VbuE3AQfnS/WLXjiblL+rSg==
